// !$*UTF8*$!
{
	archiveVersion = 1;
	classes = {
	};
	objectVersion = 54;
	objects = {

/* Begin PBXBuildFile section */
		330D241D2ABB22E900269B40 /* ProfileView.swift in Sources */ = {isa = PBXBuildFile; fileRef = 330D241C2ABB22E900269B40 /* ProfileView.swift */; };
		45859F882AC4684300B7F521 /* tabView.swift in Sources */ = {isa = PBXBuildFile; fileRef = 45859F872AC4684300B7F521 /* tabView.swift */; };
		45B255632A94DACE00F94892 /* loginView.swift in Sources */ = {isa = PBXBuildFile; fileRef = 45B255622A94DACE00F94892 /* loginView.swift */; };
		45B255672A94FBF100F94892 /* homeView.swift in Sources */ = {isa = PBXBuildFile; fileRef = 45B255662A94FBF100F94892 /* homeView.swift */; };
		45B255692A94FC3900F94892 /* registerView.swift in Sources */ = {isa = PBXBuildFile; fileRef = 45B255682A94FC3900F94892 /* registerView.swift */; };
		45FDB9C62A8279ED0062F259 /* homeappApp.swift in Sources */ = {isa = PBXBuildFile; fileRef = 45FDB9C52A8279ED0062F259 /* homeappApp.swift */; };
		45FDB9C82A8279ED0062F259 /* ContentView.swift in Sources */ = {isa = PBXBuildFile; fileRef = 45FDB9C72A8279ED0062F259 /* ContentView.swift */; };
		45FDB9CA2A8279EF0062F259 /* Assets.xcassets in Resources */ = {isa = PBXBuildFile; fileRef = 45FDB9C92A8279EF0062F259 /* Assets.xcassets */; };
		45FDB9CD2A8279EF0062F259 /* Preview Assets.xcassets in Resources */ = {isa = PBXBuildFile; fileRef = 45FDB9CC2A8279EF0062F259 /* Preview Assets.xcassets */; };
		45FDB9D62A827CB00062F259 /* Liquid in Frameworks */ = {isa = PBXBuildFile; productRef = 45FDB9D52A827CB00062F259 /* Liquid */; };
		FC0DE4A92AC70696004D1003 /* GoogleService-Info.plist in Resources */ = {isa = PBXBuildFile; fileRef = FC0DE4A82AC70695004D1003 /* GoogleService-Info.plist */; };
		FC0DE4AC2AC70807004D1003 /* FirebaseAnalytics in Frameworks */ = {isa = PBXBuildFile; productRef = FC0DE4AB2AC70807004D1003 /* FirebaseAnalytics */; };
		FC0DE4AE2AC70807004D1003 /* FirebaseAnalyticsOnDeviceConversion in Frameworks */ = {isa = PBXBuildFile; productRef = FC0DE4AD2AC70807004D1003 /* FirebaseAnalyticsOnDeviceConversion */; };
		FC0DE4B02AC70807004D1003 /* FirebaseAnalyticsSwift in Frameworks */ = {isa = PBXBuildFile; productRef = FC0DE4AF2AC70807004D1003 /* FirebaseAnalyticsSwift */; };
		FC0DE4B22AC70807004D1003 /* FirebaseAnalyticsWithoutAdIdSupport in Frameworks */ = {isa = PBXBuildFile; productRef = FC0DE4B12AC70807004D1003 /* FirebaseAnalyticsWithoutAdIdSupport */; };
		FC0DE4B42AC70807004D1003 /* FirebaseAppCheck in Frameworks */ = {isa = PBXBuildFile; productRef = FC0DE4B32AC70807004D1003 /* FirebaseAppCheck */; };
		FC0DE4B62AC70807004D1003 /* FirebaseAppDistribution-Beta in Frameworks */ = {isa = PBXBuildFile; productRef = FC0DE4B52AC70807004D1003 /* FirebaseAppDistribution-Beta */; };
		FC0DE4B82AC70807004D1003 /* FirebaseAuth in Frameworks */ = {isa = PBXBuildFile; productRef = FC0DE4B72AC70807004D1003 /* FirebaseAuth */; };
		FC0DE4BA2AC70807004D1003 /* FirebaseAuthCombine-Community in Frameworks */ = {isa = PBXBuildFile; productRef = FC0DE4B92AC70807004D1003 /* FirebaseAuthCombine-Community */; };
		FC0DE4BC2AC70807004D1003 /* FirebaseCrashlytics in Frameworks */ = {isa = PBXBuildFile; productRef = FC0DE4BB2AC70807004D1003 /* FirebaseCrashlytics */; };
		FC0DE4BE2AC70807004D1003 /* FirebaseDatabase in Frameworks */ = {isa = PBXBuildFile; productRef = FC0DE4BD2AC70807004D1003 /* FirebaseDatabase */; };
		FC0DE4C02AC70807004D1003 /* FirebaseDatabaseSwift in Frameworks */ = {isa = PBXBuildFile; productRef = FC0DE4BF2AC70807004D1003 /* FirebaseDatabaseSwift */; };
		FC0DE4C22AC70807004D1003 /* FirebaseDynamicLinks in Frameworks */ = {isa = PBXBuildFile; productRef = FC0DE4C12AC70807004D1003 /* FirebaseDynamicLinks */; };
		FC0DE4C42AC70807004D1003 /* FirebaseFirestore in Frameworks */ = {isa = PBXBuildFile; productRef = FC0DE4C32AC70807004D1003 /* FirebaseFirestore */; };
		FC0DE4C62AC70807004D1003 /* FirebaseFirestoreCombine-Community in Frameworks */ = {isa = PBXBuildFile; productRef = FC0DE4C52AC70807004D1003 /* FirebaseFirestoreCombine-Community */; };
		FC0DE4C82AC70807004D1003 /* FirebaseFirestoreSwift in Frameworks */ = {isa = PBXBuildFile; productRef = FC0DE4C72AC70807004D1003 /* FirebaseFirestoreSwift */; };
		FC0DE4CA2AC70807004D1003 /* FirebaseFunctions in Frameworks */ = {isa = PBXBuildFile; productRef = FC0DE4C92AC70807004D1003 /* FirebaseFunctions */; };
		FC0DE4CC2AC70807004D1003 /* FirebaseFunctionsCombine-Community in Frameworks */ = {isa = PBXBuildFile; productRef = FC0DE4CB2AC70807004D1003 /* FirebaseFunctionsCombine-Community */; };
		FC0DE4CE2AC70807004D1003 /* FirebaseInAppMessaging-Beta in Frameworks */ = {isa = PBXBuildFile; productRef = FC0DE4CD2AC70807004D1003 /* FirebaseInAppMessaging-Beta */; };
		FC0DE4D02AC70807004D1003 /* FirebaseInAppMessagingSwift-Beta in Frameworks */ = {isa = PBXBuildFile; productRef = FC0DE4CF2AC70807004D1003 /* FirebaseInAppMessagingSwift-Beta */; };
		FC0DE4D22AC70807004D1003 /* FirebaseInstallations in Frameworks */ = {isa = PBXBuildFile; productRef = FC0DE4D12AC70807004D1003 /* FirebaseInstallations */; };
		FC0DE4D42AC70807004D1003 /* FirebaseMLModelDownloader in Frameworks */ = {isa = PBXBuildFile; productRef = FC0DE4D32AC70807004D1003 /* FirebaseMLModelDownloader */; };
		FC0DE4D62AC70807004D1003 /* FirebaseMessaging in Frameworks */ = {isa = PBXBuildFile; productRef = FC0DE4D52AC70807004D1003 /* FirebaseMessaging */; };
		FC0DE4D82AC70807004D1003 /* FirebasePerformance in Frameworks */ = {isa = PBXBuildFile; productRef = FC0DE4D72AC70807004D1003 /* FirebasePerformance */; };
		FC0DE4DA2AC70807004D1003 /* FirebaseRemoteConfig in Frameworks */ = {isa = PBXBuildFile; productRef = FC0DE4D92AC70807004D1003 /* FirebaseRemoteConfig */; };
		FC0DE4DC2AC70807004D1003 /* FirebaseRemoteConfigSwift in Frameworks */ = {isa = PBXBuildFile; productRef = FC0DE4DB2AC70807004D1003 /* FirebaseRemoteConfigSwift */; };
		FC0DE4DE2AC70807004D1003 /* FirebaseStorage in Frameworks */ = {isa = PBXBuildFile; productRef = FC0DE4DD2AC70807004D1003 /* FirebaseStorage */; };
		FC0DE4E02AC70807004D1003 /* FirebaseStorageCombine-Community in Frameworks */ = {isa = PBXBuildFile; productRef = FC0DE4DF2AC70807004D1003 /* FirebaseStorageCombine-Community */; };
		FC0DE4E32AC77846004D1003 /* LoginUserInfo.swift in Sources */ = {isa = PBXBuildFile; fileRef = FC0DE4E22AC77846004D1003 /* LoginUserInfo.swift */; };
		FCB0E7622AC8ED51005B7F6A /* GoogleSignIn in Frameworks */ = {isa = PBXBuildFile; productRef = FCB0E7612AC8ED51005B7F6A /* GoogleSignIn */; };
		FCB0E7642AC8ED51005B7F6A /* GoogleSignInSwift in Frameworks */ = {isa = PBXBuildFile; productRef = FCB0E7632AC8ED51005B7F6A /* GoogleSignInSwift */; };
		FCC4A8E82ACA190100F0CFBC /* Constants.swift in Sources */ = {isa = PBXBuildFile; fileRef = FCC4A8E72ACA190100F0CFBC /* Constants.swift */; };
/* End PBXBuildFile section */

/* Begin PBXFileReference section */
		330D241C2ABB22E900269B40 /* ProfileView.swift */ = {isa = PBXFileReference; lastKnownFileType = sourcecode.swift; path = ProfileView.swift; sourceTree = "<group>"; usesTabs = 0; };
		45859F872AC4684300B7F521 /* tabView.swift */ = {isa = PBXFileReference; lastKnownFileType = sourcecode.swift; path = tabView.swift; sourceTree = "<group>"; };
		45B255622A94DACE00F94892 /* loginView.swift */ = {isa = PBXFileReference; lastKnownFileType = sourcecode.swift; path = loginView.swift; sourceTree = "<group>"; };
		45B255662A94FBF100F94892 /* homeView.swift */ = {isa = PBXFileReference; lastKnownFileType = sourcecode.swift; path = homeView.swift; sourceTree = "<group>"; };
		45B255682A94FC3900F94892 /* registerView.swift */ = {isa = PBXFileReference; lastKnownFileType = sourcecode.swift; path = registerView.swift; sourceTree = "<group>"; };
		45FDB9C22A8279ED0062F259 /* homeapp.app */ = {isa = PBXFileReference; explicitFileType = wrapper.application; includeInIndex = 0; path = homeapp.app; sourceTree = BUILT_PRODUCTS_DIR; };
		45FDB9C52A8279ED0062F259 /* homeappApp.swift */ = {isa = PBXFileReference; lastKnownFileType = sourcecode.swift; path = homeappApp.swift; sourceTree = "<group>"; };
		45FDB9C72A8279ED0062F259 /* ContentView.swift */ = {isa = PBXFileReference; lastKnownFileType = sourcecode.swift; path = ContentView.swift; sourceTree = "<group>"; };
		45FDB9C92A8279EF0062F259 /* Assets.xcassets */ = {isa = PBXFileReference; lastKnownFileType = folder.assetcatalog; path = Assets.xcassets; sourceTree = "<group>"; };
		45FDB9CC2A8279EF0062F259 /* Preview Assets.xcassets */ = {isa = PBXFileReference; lastKnownFileType = folder.assetcatalog; path = "Preview Assets.xcassets"; sourceTree = "<group>"; };
		45FDB9CE2A8279EF0062F259 /* Info.plist */ = {isa = PBXFileReference; lastKnownFileType = text.plist.xml; path = Info.plist; sourceTree = "<group>"; };
		FC0DE4A82AC70695004D1003 /* GoogleService-Info.plist */ = {isa = PBXFileReference; fileEncoding = 4; lastKnownFileType = text.plist.xml; path = "GoogleService-Info.plist"; sourceTree = "<group>"; };
		FC0DE4E22AC77846004D1003 /* LoginUserInfo.swift */ = {isa = PBXFileReference; lastKnownFileType = sourcecode.swift; path = LoginUserInfo.swift; sourceTree = "<group>"; };
		FCC4A8E72ACA190100F0CFBC /* Constants.swift */ = {isa = PBXFileReference; lastKnownFileType = sourcecode.swift; path = Constants.swift; sourceTree = "<group>"; };
/* End PBXFileReference section */

/* Begin PBXFrameworksBuildPhase section */
		45FDB9BF2A8279ED0062F259 /* Frameworks */ = {
			isa = PBXFrameworksBuildPhase;
			buildActionMask = 2147483647;
			files = (
				FC0DE4CA2AC70807004D1003 /* FirebaseFunctions in Frameworks */,
				FC0DE4C02AC70807004D1003 /* FirebaseDatabaseSwift in Frameworks */,
				FC0DE4D02AC70807004D1003 /* FirebaseInAppMessagingSwift-Beta in Frameworks */,
				FC0DE4D62AC70807004D1003 /* FirebaseMessaging in Frameworks */,
				FC0DE4B62AC70807004D1003 /* FirebaseAppDistribution-Beta in Frameworks */,
				FC0DE4BA2AC70807004D1003 /* FirebaseAuthCombine-Community in Frameworks */,
				FC0DE4C62AC70807004D1003 /* FirebaseFirestoreCombine-Community in Frameworks */,
				FC0DE4B02AC70807004D1003 /* FirebaseAnalyticsSwift in Frameworks */,
				FC0DE4D42AC70807004D1003 /* FirebaseMLModelDownloader in Frameworks */,
				FCB0E7622AC8ED51005B7F6A /* GoogleSignIn in Frameworks */,
				FC0DE4B22AC70807004D1003 /* FirebaseAnalyticsWithoutAdIdSupport in Frameworks */,
				FC0DE4AC2AC70807004D1003 /* FirebaseAnalytics in Frameworks */,
				FC0DE4C82AC70807004D1003 /* FirebaseFirestoreSwift in Frameworks */,
				FC0DE4AE2AC70807004D1003 /* FirebaseAnalyticsOnDeviceConversion in Frameworks */,
				FC0DE4B42AC70807004D1003 /* FirebaseAppCheck in Frameworks */,
				FCB0E7642AC8ED51005B7F6A /* GoogleSignInSwift in Frameworks */,
				FC0DE4D82AC70807004D1003 /* FirebasePerformance in Frameworks */,
				FC0DE4CE2AC70807004D1003 /* FirebaseInAppMessaging-Beta in Frameworks */,
				FC0DE4CC2AC70807004D1003 /* FirebaseFunctionsCombine-Community in Frameworks */,
				FC0DE4BC2AC70807004D1003 /* FirebaseCrashlytics in Frameworks */,
				FC0DE4D22AC70807004D1003 /* FirebaseInstallations in Frameworks */,
				FC0DE4DA2AC70807004D1003 /* FirebaseRemoteConfig in Frameworks */,
				FC0DE4DE2AC70807004D1003 /* FirebaseStorage in Frameworks */,
				FC0DE4BE2AC70807004D1003 /* FirebaseDatabase in Frameworks */,
				FC0DE4E02AC70807004D1003 /* FirebaseStorageCombine-Community in Frameworks */,
				45FDB9D62A827CB00062F259 /* Liquid in Frameworks */,
				FC0DE4B82AC70807004D1003 /* FirebaseAuth in Frameworks */,
				FC0DE4C22AC70807004D1003 /* FirebaseDynamicLinks in Frameworks */,
				FC0DE4C42AC70807004D1003 /* FirebaseFirestore in Frameworks */,
				FC0DE4DC2AC70807004D1003 /* FirebaseRemoteConfigSwift in Frameworks */,
			);
			runOnlyForDeploymentPostprocessing = 0;
		};
/* End PBXFrameworksBuildPhase section */

/* Begin PBXGroup section */
		45FDB9B92A8279ED0062F259 = {
			isa = PBXGroup;
			children = (
				45FDB9C42A8279ED0062F259 /* homeapp */,
				45FDB9C32A8279ED0062F259 /* Products */,
			);
			sourceTree = "<group>";
		};
		45FDB9C32A8279ED0062F259 /* Products */ = {
			isa = PBXGroup;
			children = (
				45FDB9C22A8279ED0062F259 /* homeapp.app */,
			);
			name = Products;
			sourceTree = "<group>";
		};
		45FDB9C42A8279ED0062F259 /* homeapp */ = {
			isa = PBXGroup;
			children = (
				FCC4A8E62ACA18E700F0CFBC /* Constants */,
				FC0DE4E12AC77802004D1003 /* Models */,
				FC0DE4A82AC70695004D1003 /* GoogleService-Info.plist */,
				45FDB9C52A8279ED0062F259 /* homeappApp.swift */,
				45B255622A94DACE00F94892 /* loginView.swift */,
				330D241C2ABB22E900269B40 /* ProfileView.swift */,
				45B255682A94FC3900F94892 /* registerView.swift */,
				45B255662A94FBF100F94892 /* homeView.swift */,
				45FDB9C72A8279ED0062F259 /* ContentView.swift */,
				45FDB9C92A8279EF0062F259 /* Assets.xcassets */,
				45FDB9CE2A8279EF0062F259 /* Info.plist */,
				45FDB9CB2A8279EF0062F259 /* Preview Content */,
				45859F872AC4684300B7F521 /* tabView.swift */,
			);
			path = homeapp;
			sourceTree = "<group>";
		};
		45FDB9CB2A8279EF0062F259 /* Preview Content */ = {
			isa = PBXGroup;
			children = (
				45FDB9CC2A8279EF0062F259 /* Preview Assets.xcassets */,
			);
			path = "Preview Content";
			sourceTree = "<group>";
		};
		FC0DE4E12AC77802004D1003 /* Models */ = {
			isa = PBXGroup;
			children = (
				FC0DE4E22AC77846004D1003 /* LoginUserInfo.swift */,
			);
			path = Models;
			sourceTree = "<group>";
		};
		FCC4A8E62ACA18E700F0CFBC /* Constants */ = {
			isa = PBXGroup;
			children = (
				FCC4A8E72ACA190100F0CFBC /* Constants.swift */,
			);
			path = Constants;
			sourceTree = "<group>";
		};
/* End PBXGroup section */

/* Begin PBXNativeTarget section */
		45FDB9C12A8279ED0062F259 /* homeapp */ = {
			isa = PBXNativeTarget;
			buildConfigurationList = 45FDB9D12A8279EF0062F259 /* Build configuration list for PBXNativeTarget "homeapp" */;
			buildPhases = (
				45FDB9BE2A8279ED0062F259 /* Sources */,
				45FDB9BF2A8279ED0062F259 /* Frameworks */,
				45FDB9C02A8279ED0062F259 /* Resources */,
			);
			buildRules = (
			);
			dependencies = (
			);
			name = homeapp;
			packageProductDependencies = (
				45FDB9D52A827CB00062F259 /* Liquid */,
				FC0DE4AB2AC70807004D1003 /* FirebaseAnalytics */,
				FC0DE4AD2AC70807004D1003 /* FirebaseAnalyticsOnDeviceConversion */,
				FC0DE4AF2AC70807004D1003 /* FirebaseAnalyticsSwift */,
				FC0DE4B12AC70807004D1003 /* FirebaseAnalyticsWithoutAdIdSupport */,
				FC0DE4B32AC70807004D1003 /* FirebaseAppCheck */,
				FC0DE4B52AC70807004D1003 /* FirebaseAppDistribution-Beta */,
				FC0DE4B72AC70807004D1003 /* FirebaseAuth */,
				FC0DE4B92AC70807004D1003 /* FirebaseAuthCombine-Community */,
				FC0DE4BB2AC70807004D1003 /* FirebaseCrashlytics */,
				FC0DE4BD2AC70807004D1003 /* FirebaseDatabase */,
				FC0DE4BF2AC70807004D1003 /* FirebaseDatabaseSwift */,
				FC0DE4C12AC70807004D1003 /* FirebaseDynamicLinks */,
				FC0DE4C32AC70807004D1003 /* FirebaseFirestore */,
				FC0DE4C52AC70807004D1003 /* FirebaseFirestoreCombine-Community */,
				FC0DE4C72AC70807004D1003 /* FirebaseFirestoreSwift */,
				FC0DE4C92AC70807004D1003 /* FirebaseFunctions */,
				FC0DE4CB2AC70807004D1003 /* FirebaseFunctionsCombine-Community */,
				FC0DE4CD2AC70807004D1003 /* FirebaseInAppMessaging-Beta */,
				FC0DE4CF2AC70807004D1003 /* FirebaseInAppMessagingSwift-Beta */,
				FC0DE4D12AC70807004D1003 /* FirebaseInstallations */,
				FC0DE4D32AC70807004D1003 /* FirebaseMLModelDownloader */,
				FC0DE4D52AC70807004D1003 /* FirebaseMessaging */,
				FC0DE4D72AC70807004D1003 /* FirebasePerformance */,
				FC0DE4D92AC70807004D1003 /* FirebaseRemoteConfig */,
				FC0DE4DB2AC70807004D1003 /* FirebaseRemoteConfigSwift */,
				FC0DE4DD2AC70807004D1003 /* FirebaseStorage */,
				FC0DE4DF2AC70807004D1003 /* FirebaseStorageCombine-Community */,
				FCB0E7612AC8ED51005B7F6A /* GoogleSignIn */,
				FCB0E7632AC8ED51005B7F6A /* GoogleSignInSwift */,
			);
			productName = homeapp;
			productReference = 45FDB9C22A8279ED0062F259 /* homeapp.app */;
			productType = "com.apple.product-type.application";
		};
/* End PBXNativeTarget section */

/* Begin PBXProject section */
		45FDB9BA2A8279ED0062F259 /* Project object */ = {
			isa = PBXProject;
			attributes = {
				LastSwiftUpdateCheck = 1250;
				LastUpgradeCheck = 1250;
				TargetAttributes = {
					45FDB9C12A8279ED0062F259 = {
						CreatedOnToolsVersion = 12.5;
					};
				};
			};
			buildConfigurationList = 45FDB9BD2A8279ED0062F259 /* Build configuration list for PBXProject "homeapp" */;
			compatibilityVersion = "Xcode 9.3";
			developmentRegion = en;
			hasScannedForEncodings = 0;
			knownRegions = (
				en,
				Base,
			);
			mainGroup = 45FDB9B92A8279ED0062F259;
			packageReferences = (
				45FDB9D42A827CB00062F259 /* XCRemoteSwiftPackageReference "liquid" */,
				FC0DE4AA2AC70807004D1003 /* XCRemoteSwiftPackageReference "firebase-ios-sdk" */,
				FCB0E7602AC8ED51005B7F6A /* XCRemoteSwiftPackageReference "GoogleSignIn-iOS" */,
			);
			productRefGroup = 45FDB9C32A8279ED0062F259 /* Products */;
			projectDirPath = "";
			projectRoot = "";
			targets = (
				45FDB9C12A8279ED0062F259 /* homeapp */,
			);
		};
/* End PBXProject section */

/* Begin PBXResourcesBuildPhase section */
		45FDB9C02A8279ED0062F259 /* Resources */ = {
			isa = PBXResourcesBuildPhase;
			buildActionMask = 2147483647;
			files = (
				45FDB9CD2A8279EF0062F259 /* Preview Assets.xcassets in Resources */,
				45FDB9CA2A8279EF0062F259 /* Assets.xcassets in Resources */,
				FC0DE4A92AC70696004D1003 /* GoogleService-Info.plist in Resources */,
			);
			runOnlyForDeploymentPostprocessing = 0;
		};
/* End PBXResourcesBuildPhase section */

/* Begin PBXSourcesBuildPhase section */
		45FDB9BE2A8279ED0062F259 /* Sources */ = {
			isa = PBXSourcesBuildPhase;
			buildActionMask = 2147483647;
			files = (
				45859F882AC4684300B7F521 /* tabView.swift in Sources */,
				45FDB9C82A8279ED0062F259 /* ContentView.swift in Sources */,
				FC0DE4E32AC77846004D1003 /* LoginUserInfo.swift in Sources */,
				330D241D2ABB22E900269B40 /* ProfileView.swift in Sources */,
				45B255692A94FC3900F94892 /* registerView.swift in Sources */,
				45B255672A94FBF100F94892 /* homeView.swift in Sources */,
				45B255632A94DACE00F94892 /* loginView.swift in Sources */,
				45FDB9C62A8279ED0062F259 /* homeappApp.swift in Sources */,
				FCC4A8E82ACA190100F0CFBC /* Constants.swift in Sources */,
			);
			runOnlyForDeploymentPostprocessing = 0;
		};
/* End PBXSourcesBuildPhase section */

/* Begin XCBuildConfiguration section */
		45FDB9CF2A8279EF0062F259 /* Debug */ = {
			isa = XCBuildConfiguration;
			buildSettings = {
				ALWAYS_SEARCH_USER_PATHS = NO;
				CLANG_ANALYZER_NONNULL = YES;
				CLANG_ANALYZER_NUMBER_OBJECT_CONVERSION = YES_AGGRESSIVE;
				CLANG_CXX_LANGUAGE_STANDARD = "gnu++14";
				CLANG_CXX_LIBRARY = "libc++";
				CLANG_ENABLE_MODULES = YES;
				CLANG_ENABLE_OBJC_ARC = YES;
				CLANG_ENABLE_OBJC_WEAK = YES;
				CLANG_WARN_BLOCK_CAPTURE_AUTORELEASING = YES;
				CLANG_WARN_BOOL_CONVERSION = YES;
				CLANG_WARN_COMMA = YES;
				CLANG_WARN_CONSTANT_CONVERSION = YES;
				CLANG_WARN_DEPRECATED_OBJC_IMPLEMENTATIONS = YES;
				CLANG_WARN_DIRECT_OBJC_ISA_USAGE = YES_ERROR;
				CLANG_WARN_DOCUMENTATION_COMMENTS = YES;
				CLANG_WARN_EMPTY_BODY = YES;
				CLANG_WARN_ENUM_CONVERSION = YES;
				CLANG_WARN_INFINITE_RECURSION = YES;
				CLANG_WARN_INT_CONVERSION = YES;
				CLANG_WARN_NON_LITERAL_NULL_CONVERSION = YES;
				CLANG_WARN_OBJC_IMPLICIT_RETAIN_SELF = YES;
				CLANG_WARN_OBJC_LITERAL_CONVERSION = YES;
				CLANG_WARN_OBJC_ROOT_CLASS = YES_ERROR;
				CLANG_WARN_QUOTED_INCLUDE_IN_FRAMEWORK_HEADER = YES;
				CLANG_WARN_RANGE_LOOP_ANALYSIS = YES;
				CLANG_WARN_STRICT_PROTOTYPES = YES;
				CLANG_WARN_SUSPICIOUS_MOVE = YES;
				CLANG_WARN_UNGUARDED_AVAILABILITY = YES_AGGRESSIVE;
				CLANG_WARN_UNREACHABLE_CODE = YES;
				CLANG_WARN__DUPLICATE_METHOD_MATCH = YES;
				COPY_PHASE_STRIP = NO;
				DEBUG_INFORMATION_FORMAT = dwarf;
				ENABLE_STRICT_OBJC_MSGSEND = YES;
				ENABLE_TESTABILITY = YES;
				GCC_C_LANGUAGE_STANDARD = gnu11;
				GCC_DYNAMIC_NO_PIC = NO;
				GCC_NO_COMMON_BLOCKS = YES;
				GCC_OPTIMIZATION_LEVEL = 0;
				GCC_PREPROCESSOR_DEFINITIONS = (
					"DEBUG=1",
					"$(inherited)",
				);
				GCC_WARN_64_TO_32_BIT_CONVERSION = YES;
				GCC_WARN_ABOUT_RETURN_TYPE = YES_ERROR;
				GCC_WARN_UNDECLARED_SELECTOR = YES;
				GCC_WARN_UNINITIALIZED_AUTOS = YES_AGGRESSIVE;
				GCC_WARN_UNUSED_FUNCTION = YES;
				GCC_WARN_UNUSED_VARIABLE = YES;
				IPHONEOS_DEPLOYMENT_TARGET = 14.5;
				MTL_ENABLE_DEBUG_INFO = INCLUDE_SOURCE;
				MTL_FAST_MATH = YES;
				ONLY_ACTIVE_ARCH = YES;
				SDKROOT = iphoneos;
				SWIFT_ACTIVE_COMPILATION_CONDITIONS = DEBUG;
				SWIFT_OPTIMIZATION_LEVEL = "-Onone";
			};
			name = Debug;
		};
		45FDB9D02A8279EF0062F259 /* Release */ = {
			isa = XCBuildConfiguration;
			buildSettings = {
				ALWAYS_SEARCH_USER_PATHS = NO;
				CLANG_ANALYZER_NONNULL = YES;
				CLANG_ANALYZER_NUMBER_OBJECT_CONVERSION = YES_AGGRESSIVE;
				CLANG_CXX_LANGUAGE_STANDARD = "gnu++14";
				CLANG_CXX_LIBRARY = "libc++";
				CLANG_ENABLE_MODULES = YES;
				CLANG_ENABLE_OBJC_ARC = YES;
				CLANG_ENABLE_OBJC_WEAK = YES;
				CLANG_WARN_BLOCK_CAPTURE_AUTORELEASING = YES;
				CLANG_WARN_BOOL_CONVERSION = YES;
				CLANG_WARN_COMMA = YES;
				CLANG_WARN_CONSTANT_CONVERSION = YES;
				CLANG_WARN_DEPRECATED_OBJC_IMPLEMENTATIONS = YES;
				CLANG_WARN_DIRECT_OBJC_ISA_USAGE = YES_ERROR;
				CLANG_WARN_DOCUMENTATION_COMMENTS = YES;
				CLANG_WARN_EMPTY_BODY = YES;
				CLANG_WARN_ENUM_CONVERSION = YES;
				CLANG_WARN_INFINITE_RECURSION = YES;
				CLANG_WARN_INT_CONVERSION = YES;
				CLANG_WARN_NON_LITERAL_NULL_CONVERSION = YES;
				CLANG_WARN_OBJC_IMPLICIT_RETAIN_SELF = YES;
				CLANG_WARN_OBJC_LITERAL_CONVERSION = YES;
				CLANG_WARN_OBJC_ROOT_CLASS = YES_ERROR;
				CLANG_WARN_QUOTED_INCLUDE_IN_FRAMEWORK_HEADER = YES;
				CLANG_WARN_RANGE_LOOP_ANALYSIS = YES;
				CLANG_WARN_STRICT_PROTOTYPES = YES;
				CLANG_WARN_SUSPICIOUS_MOVE = YES;
				CLANG_WARN_UNGUARDED_AVAILABILITY = YES_AGGRESSIVE;
				CLANG_WARN_UNREACHABLE_CODE = YES;
				CLANG_WARN__DUPLICATE_METHOD_MATCH = YES;
				COPY_PHASE_STRIP = NO;
				DEBUG_INFORMATION_FORMAT = "dwarf-with-dsym";
				ENABLE_NS_ASSERTIONS = NO;
				ENABLE_STRICT_OBJC_MSGSEND = YES;
				GCC_C_LANGUAGE_STANDARD = gnu11;
				GCC_NO_COMMON_BLOCKS = YES;
				GCC_WARN_64_TO_32_BIT_CONVERSION = YES;
				GCC_WARN_ABOUT_RETURN_TYPE = YES_ERROR;
				GCC_WARN_UNDECLARED_SELECTOR = YES;
				GCC_WARN_UNINITIALIZED_AUTOS = YES_AGGRESSIVE;
				GCC_WARN_UNUSED_FUNCTION = YES;
				GCC_WARN_UNUSED_VARIABLE = YES;
				IPHONEOS_DEPLOYMENT_TARGET = 14.5;
				MTL_ENABLE_DEBUG_INFO = NO;
				MTL_FAST_MATH = YES;
				SDKROOT = iphoneos;
				SWIFT_COMPILATION_MODE = wholemodule;
				SWIFT_OPTIMIZATION_LEVEL = "-O";
				VALIDATE_PRODUCT = YES;
			};
			name = Release;
		};
		45FDB9D22A8279EF0062F259 /* Debug */ = {
			isa = XCBuildConfiguration;
			buildSettings = {
				ASSETCATALOG_COMPILER_APPICON_NAME = AppIcon;
				ASSETCATALOG_COMPILER_GLOBAL_ACCENT_COLOR_NAME = AccentColor;
				CODE_SIGN_STYLE = Automatic;
				DEVELOPMENT_ASSET_PATHS = "\"homeapp/Preview Content\"";
				DEVELOPMENT_TEAM = 2T7T8V463X;
				ENABLE_PREVIEWS = YES;
				INFOPLIST_FILE = homeapp/Info.plist;
				IPHONEOS_DEPLOYMENT_TARGET = 16.0;
				LD_RUNPATH_SEARCH_PATHS = (
					"$(inherited)",
					"@executable_path/Frameworks",
				);
				PRODUCT_BUNDLE_IDENTIFIER = HIRO.homeapp;
				PRODUCT_NAME = "$(TARGET_NAME)";
				SWIFT_VERSION = 5.0;
				TARGETED_DEVICE_FAMILY = "1,2";
			};
			name = Debug;
		};
		45FDB9D32A8279EF0062F259 /* Release */ = {
			isa = XCBuildConfiguration;
			buildSettings = {
				ASSETCATALOG_COMPILER_APPICON_NAME = AppIcon;
				ASSETCATALOG_COMPILER_GLOBAL_ACCENT_COLOR_NAME = AccentColor;
				CODE_SIGN_STYLE = Automatic;
				DEVELOPMENT_ASSET_PATHS = "\"homeapp/Preview Content\"";
				DEVELOPMENT_TEAM = 2T7T8V463X;
				ENABLE_PREVIEWS = YES;
				INFOPLIST_FILE = homeapp/Info.plist;
				IPHONEOS_DEPLOYMENT_TARGET = 16.0;
				LD_RUNPATH_SEARCH_PATHS = (
					"$(inherited)",
					"@executable_path/Frameworks",
				);
				PRODUCT_BUNDLE_IDENTIFIER = HIRO.homeapp;
				PRODUCT_NAME = "$(TARGET_NAME)";
				SWIFT_VERSION = 5.0;
				TARGETED_DEVICE_FAMILY = "1,2";
			};
			name = Release;
		};
/* End XCBuildConfiguration section */

/* Begin XCConfigurationList section */
		45FDB9BD2A8279ED0062F259 /* Build configuration list for PBXProject "homeapp" */ = {
			isa = XCConfigurationList;
			buildConfigurations = (
				45FDB9CF2A8279EF0062F259 /* Debug */,
				45FDB9D02A8279EF0062F259 /* Release */,
			);
			defaultConfigurationIsVisible = 0;
			defaultConfigurationName = Release;
		};
		45FDB9D12A8279EF0062F259 /* Build configuration list for PBXNativeTarget "homeapp" */ = {
			isa = XCConfigurationList;
			buildConfigurations = (
				45FDB9D22A8279EF0062F259 /* Debug */,
				45FDB9D32A8279EF0062F259 /* Release */,
			);
			defaultConfigurationIsVisible = 0;
			defaultConfigurationName = Release;
		};
/* End XCConfigurationList section */

/* Begin XCRemoteSwiftPackageReference section */
		45FDB9D42A827CB00062F259 /* XCRemoteSwiftPackageReference "liquid" */ = {
			isa = XCRemoteSwiftPackageReference;
			repositoryURL = "https://github.com/maustinstar/liquid";
			requirement = {
				kind = upToNextMajorVersion;
				minimumVersion = 0.0.2;
			};
		};
		FC0DE4AA2AC70807004D1003 /* XCRemoteSwiftPackageReference "firebase-ios-sdk" */ = {
			isa = XCRemoteSwiftPackageReference;
			repositoryURL = "https://github.com/firebase/firebase-ios-sdk.git";
			requirement = {
				kind = upToNextMajorVersion;
				minimumVersion = 10.15.0;
			};
		};
		FCB0E7602AC8ED51005B7F6A /* XCRemoteSwiftPackageReference "GoogleSignIn-iOS" */ = {
			isa = XCRemoteSwiftPackageReference;
			repositoryURL = "https://github.com/google/GoogleSignIn-iOS";
			requirement = {
				kind = upToNextMajorVersion;
				minimumVersion = 7.0.0;
			};
		};
/* End XCRemoteSwiftPackageReference section */

/* Begin XCSwiftPackageProductDependency section */
		45FDB9D52A827CB00062F259 /* Liquid */ = {
			isa = XCSwiftPackageProductDependency;
			package = 45FDB9D42A827CB00062F259 /* XCRemoteSwiftPackageReference "liquid" */;
			productName = Liquid;
		};
		FC0DE4AB2AC70807004D1003 /* FirebaseAnalytics */ = {
			isa = XCSwiftPackageProductDependency;
			package = FC0DE4AA2AC70807004D1003 /* XCRemoteSwiftPackageReference "firebase-ios-sdk" */;
			productName = FirebaseAnalytics;
		};
		FC0DE4AD2AC70807004D1003 /* FirebaseAnalyticsOnDeviceConversion */ = {
			isa = XCSwiftPackageProductDependency;
			package = FC0DE4AA2AC70807004D1003 /* XCRemoteSwiftPackageReference "firebase-ios-sdk" */;
			productName = FirebaseAnalyticsOnDeviceConversion;
		};
		FC0DE4AF2AC70807004D1003 /* FirebaseAnalyticsSwift */ = {
			isa = XCSwiftPackageProductDependency;
			package = FC0DE4AA2AC70807004D1003 /* XCRemoteSwiftPackageReference "firebase-ios-sdk" */;
			productName = FirebaseAnalyticsSwift;
		};
		FC0DE4B12AC70807004D1003 /* FirebaseAnalyticsWithoutAdIdSupport */ = {
			isa = XCSwiftPackageProductDependency;
			package = FC0DE4AA2AC70807004D1003 /* XCRemoteSwiftPackageReference "firebase-ios-sdk" */;
			productName = FirebaseAnalyticsWithoutAdIdSupport;
		};
		FC0DE4B32AC70807004D1003 /* FirebaseAppCheck */ = {
			isa = XCSwiftPackageProductDependency;
			package = FC0DE4AA2AC70807004D1003 /* XCRemoteSwiftPackageReference "firebase-ios-sdk" */;
			productName = FirebaseAppCheck;
		};
		FC0DE4B52AC70807004D1003 /* FirebaseAppDistribution-Beta */ = {
			isa = XCSwiftPackageProductDependency;
			package = FC0DE4AA2AC70807004D1003 /* XCRemoteSwiftPackageReference "firebase-ios-sdk" */;
			productName = "FirebaseAppDistribution-Beta";
		};
		FC0DE4B72AC70807004D1003 /* FirebaseAuth */ = {
			isa = XCSwiftPackageProductDependency;
			package = FC0DE4AA2AC70807004D1003 /* XCRemoteSwiftPackageReference "firebase-ios-sdk" */;
			productName = FirebaseAuth;
		};
		FC0DE4B92AC70807004D1003 /* FirebaseAuthCombine-Community */ = {
			isa = XCSwiftPackageProductDependency;
			package = FC0DE4AA2AC70807004D1003 /* XCRemoteSwiftPackageReference "firebase-ios-sdk" */;
			productName = "FirebaseAuthCombine-Community";
		};
		FC0DE4BB2AC70807004D1003 /* FirebaseCrashlytics */ = {
			isa = XCSwiftPackageProductDependency;
			package = FC0DE4AA2AC70807004D1003 /* XCRemoteSwiftPackageReference "firebase-ios-sdk" */;
			productName = FirebaseCrashlytics;
		};
		FC0DE4BD2AC70807004D1003 /* FirebaseDatabase */ = {
			isa = XCSwiftPackageProductDependency;
			package = FC0DE4AA2AC70807004D1003 /* XCRemoteSwiftPackageReference "firebase-ios-sdk" */;
			productName = FirebaseDatabase;
		};
		FC0DE4BF2AC70807004D1003 /* FirebaseDatabaseSwift */ = {
			isa = XCSwiftPackageProductDependency;
			package = FC0DE4AA2AC70807004D1003 /* XCRemoteSwiftPackageReference "firebase-ios-sdk" */;
			productName = FirebaseDatabaseSwift;
		};
		FC0DE4C12AC70807004D1003 /* FirebaseDynamicLinks */ = {
			isa = XCSwiftPackageProductDependency;
			package = FC0DE4AA2AC70807004D1003 /* XCRemoteSwiftPackageReference "firebase-ios-sdk" */;
			productName = FirebaseDynamicLinks;
		};
		FC0DE4C32AC70807004D1003 /* FirebaseFirestore */ = {
			isa = XCSwiftPackageProductDependency;
			package = FC0DE4AA2AC70807004D1003 /* XCRemoteSwiftPackageReference "firebase-ios-sdk" */;
			productName = FirebaseFirestore;
		};
		FC0DE4C52AC70807004D1003 /* FirebaseFirestoreCombine-Community */ = {
			isa = XCSwiftPackageProductDependency;
			package = FC0DE4AA2AC70807004D1003 /* XCRemoteSwiftPackageReference "firebase-ios-sdk" */;
			productName = "FirebaseFirestoreCombine-Community";
		};
		FC0DE4C72AC70807004D1003 /* FirebaseFirestoreSwift */ = {
			isa = XCSwiftPackageProductDependency;
			package = FC0DE4AA2AC70807004D1003 /* XCRemoteSwiftPackageReference "firebase-ios-sdk" */;
			productName = FirebaseFirestoreSwift;
		};
		FC0DE4C92AC70807004D1003 /* FirebaseFunctions */ = {
			isa = XCSwiftPackageProductDependency;
			package = FC0DE4AA2AC70807004D1003 /* XCRemoteSwiftPackageReference "firebase-ios-sdk" */;
			productName = FirebaseFunctions;
		};
		FC0DE4CB2AC70807004D1003 /* FirebaseFunctionsCombine-Community */ = {
			isa = XCSwiftPackageProductDependency;
			package = FC0DE4AA2AC70807004D1003 /* XCRemoteSwiftPackageReference "firebase-ios-sdk" */;
			productName = "FirebaseFunctionsCombine-Community";
		};
		FC0DE4CD2AC70807004D1003 /* FirebaseInAppMessaging-Beta */ = {
			isa = XCSwiftPackageProductDependency;
			package = FC0DE4AA2AC70807004D1003 /* XCRemoteSwiftPackageReference "firebase-ios-sdk" */;
			productName = "FirebaseInAppMessaging-Beta";
		};
		FC0DE4CF2AC70807004D1003 /* FirebaseInAppMessagingSwift-Beta */ = {
			isa = XCSwiftPackageProductDependency;
			package = FC0DE4AA2AC70807004D1003 /* XCRemoteSwiftPackageReference "firebase-ios-sdk" */;
			productName = "FirebaseInAppMessagingSwift-Beta";
		};
		FC0DE4D12AC70807004D1003 /* FirebaseInstallations */ = {
			isa = XCSwiftPackageProductDependency;
			package = FC0DE4AA2AC70807004D1003 /* XCRemoteSwiftPackageReference "firebase-ios-sdk" */;
			productName = FirebaseInstallations;
		};
		FC0DE4D32AC70807004D1003 /* FirebaseMLModelDownloader */ = {
			isa = XCSwiftPackageProductDependency;
			package = FC0DE4AA2AC70807004D1003 /* XCRemoteSwiftPackageReference "firebase-ios-sdk" */;
			productName = FirebaseMLModelDownloader;
		};
		FC0DE4D52AC70807004D1003 /* FirebaseMessaging */ = {
			isa = XCSwiftPackageProductDependency;
			package = FC0DE4AA2AC70807004D1003 /* XCRemoteSwiftPackageReference "firebase-ios-sdk" */;
			productName = FirebaseMessaging;
		};
		FC0DE4D72AC70807004D1003 /* FirebasePerformance */ = {
			isa = XCSwiftPackageProductDependency;
			package = FC0DE4AA2AC70807004D1003 /* XCRemoteSwiftPackageReference "firebase-ios-sdk" */;
			productName = FirebasePerformance;
		};
		FC0DE4D92AC70807004D1003 /* FirebaseRemoteConfig */ = {
			isa = XCSwiftPackageProductDependency;
			package = FC0DE4AA2AC70807004D1003 /* XCRemoteSwiftPackageReference "firebase-ios-sdk" */;
			productName = FirebaseRemoteConfig;
		};
		FC0DE4DB2AC70807004D1003 /* FirebaseRemoteConfigSwift */ = {
			isa = XCSwiftPackageProductDependency;
			package = FC0DE4AA2AC70807004D1003 /* XCRemoteSwiftPackageReference "firebase-ios-sdk" */;
			productName = FirebaseRemoteConfigSwift;
		};
		FC0DE4DD2AC70807004D1003 /* FirebaseStorage */ = {
			isa = XCSwiftPackageProductDependency;
			package = FC0DE4AA2AC70807004D1003 /* XCRemoteSwiftPackageReference "firebase-ios-sdk" */;
			productName = FirebaseStorage;
		};
		FC0DE4DF2AC70807004D1003 /* FirebaseStorageCombine-Community */ = {
			isa = XCSwiftPackageProductDependency;
			package = FC0DE4AA2AC70807004D1003 /* XCRemoteSwiftPackageReference "firebase-ios-sdk" */;
			productName = "FirebaseStorageCombine-Community";
		};
		FCB0E7612AC8ED51005B7F6A /* GoogleSignIn */ = {
			isa = XCSwiftPackageProductDependency;
			package = FCB0E7602AC8ED51005B7F6A /* XCRemoteSwiftPackageReference "GoogleSignIn-iOS" */;
			productName = GoogleSignIn;
		};
		FCB0E7632AC8ED51005B7F6A /* GoogleSignInSwift */ = {
			isa = XCSwiftPackageProductDependency;
			package = FCB0E7602AC8ED51005B7F6A /* XCRemoteSwiftPackageReference "GoogleSignIn-iOS" */;
			productName = GoogleSignInSwift;
		};
/* End XCSwiftPackageProductDependency section */
	};
	rootObject = 45FDB9BA2A8279ED0062F259 /* Project object */;
}
